
Microsoft Visual Studio Solution File, Format Version 12.00
# Visual Studio Version 17
VisualStudioVersion = 17.10.35122.118
MinimumVisualStudioVersion = 10.0.40219.1
Project("{FAE04EC0-301F-11D3-BF4B-00C04F79EFBC}") = "OperationCrud", "CrudOp\OperationCrud.csproj", "{56F52903-E08B-4F37-BD25-9F3D507FE41B}"
EndProject
Global
	GlobalSection(SolutionConfigurationPlatforms) = preSolution
		Debug|Any CPU = Debug|Any CPU
		Release|Any CPU = Release|Any CPU
	EndGlobalSection
	GlobalSection(ProjectConfigurationPlatforms) = postSolution
		{56F52903-E08B-4F37-BD25-9F3D507FE41B}.Debug|Any CPU.ActiveCfg = Debug|Any CPU
		{56F52903-E08B-4F37-BD25-9F3D507FE41B}.Debug|Any CPU.Build.0 = Debug|Any CPU
		{56F52903-E08B-4F37-BD25-9F3D507FE41B}.Release|Any CPU.ActiveCfg = Release|Any CPU
		{56F52903-E08B-4F37-BD25-9F3D507FE41B}.Release|Any CPU.Build.0 = Release|Any CPU
	EndGlobalSection
	GlobalSection(SolutionProperties) = preSolution
		HideSolutionNode = FALSE
	EndGlobalSection
	GlobalSection(ExtensibilityGlobals) = postSolution
		SolutionGuid = {D5629225-CF40-470A-B762-E8D6ECD862BF}
	EndGlobalSection
EndGlobal
